
Microsoft Visual Studio Solution File, Format Version 12.00
# Visual Studio Version 17
VisualStudioVersion = 17.0.31919.166
MinimumVisualStudioVersion = 10.0.40219.1
Project("{9A19103F-16F7-4668-BE54-9A1E7A4F7556}") = "Day4", "Day4\Day4.csproj", "{B145B659-5DBA-49B9-A734-AFB83B2084FD}"
EndProject
Project("{9A19103F-16F7-4668-BE54-9A1E7A4F7556}") = "Day5_1", "Day5_1\Day5_1.csproj", "{4E214F09-D534-4E7C-8830-127314070977}"
EndProject
Project("{9A19103F-16F7-4668-BE54-9A1E7A4F7556}") = "Day5_2", "Day5_2\Day5_2.csproj", "{7959E283-70DB-434A-B917-ABDF75091AE9}"
EndProject
Project("{9A19103F-16F7-4668-BE54-9A1E7A4F7556}") = "Day6_1", "Day6_1\Day6_1.csproj", "{0D7BB9E5-78E9-4291-886D-E41B2FDC524D}"
EndProject
Project("{9A19103F-16F7-4668-BE54-9A1E7A4F7556}") = "Day7_1", "Day7_1\Day7_1.csproj", "{7662BE87-E9C8-4F55-A5F2-084E171F5DD6}"
EndProject
Project("{9A19103F-16F7-4668-BE54-9A1E7A4F7556}") = "Day7_2", "Day7_2\Day7_2.csproj", "{0FE38138-A817-4F21-90CD-3636CD049529}"
EndProject
Project("{9A19103F-16F7-4668-BE54-9A1E7A4F7556}") = "Day9_1", "Day9_1\Day9_1.csproj", "{787E7DAD-7C63-4D38-A0FA-D1D53C6AC554}"
EndProject
Project("{9A19103F-16F7-4668-BE54-9A1E7A4F7556}") = "Day9_2", "Day9_2\Day9_2.csproj", "{F74A1A2D-D62F-412A-8349-20228F49FD77}"
EndProject
Project("{FAE04EC0-301F-11D3-BF4B-00C04F79EFBC}") = "Day10_1", "Day10_1\Day10_1.csproj", "{472663FD-AC97-4545-A93D-347871AD4B14}"
EndProject
Project("{FAE04EC0-301F-11D3-BF4B-00C04F79EFBC}") = "Day10_2", "Day10_2\Day10_2.csproj", "{106E14CD-EB94-4D5F-894E-1E8E653A286E}"
EndProject
Global
	GlobalSection(SolutionConfigurationPlatforms) = preSolution
		Debug|Any CPU = Debug|Any CPU
		Release|Any CPU = Release|Any CPU
	EndGlobalSection
	GlobalSection(ProjectConfigurationPlatforms) = postSolution
		{B145B659-5DBA-49B9-A734-AFB83B2084FD}.Debug|Any CPU.ActiveCfg = Debug|Any CPU
		{B145B659-5DBA-49B9-A734-AFB83B2084FD}.Debug|Any CPU.Build.0 = Debug|Any CPU
		{B145B659-5DBA-49B9-A734-AFB83B2084FD}.Release|Any CPU.ActiveCfg = Release|Any CPU
		{B145B659-5DBA-49B9-A734-AFB83B2084FD}.Release|Any CPU.Build.0 = Release|Any CPU
		{4E214F09-D534-4E7C-8830-127314070977}.Debug|Any CPU.ActiveCfg = Debug|Any CPU
		{4E214F09-D534-4E7C-8830-127314070977}.Debug|Any CPU.Build.0 = Debug|Any CPU
		{4E214F09-D534-4E7C-8830-127314070977}.Release|Any CPU.ActiveCfg = Release|Any CPU
		{4E214F09-D534-4E7C-8830-127314070977}.Release|Any CPU.Build.0 = Release|Any CPU
		{7959E283-70DB-434A-B917-ABDF75091AE9}.Debug|Any CPU.ActiveCfg = Debug|Any CPU
		{7959E283-70DB-434A-B917-ABDF75091AE9}.Debug|Any CPU.Build.0 = Debug|Any CPU
		{7959E283-70DB-434A-B917-ABDF75091AE9}.Release|Any CPU.ActiveCfg = Release|Any CPU
		{7959E283-70DB-434A-B917-ABDF75091AE9}.Release|Any CPU.Build.0 = Release|Any CPU
		{0D7BB9E5-78E9-4291-886D-E41B2FDC524D}.Debug|Any CPU.ActiveCfg = Debug|Any CPU
		{0D7BB9E5-78E9-4291-886D-E41B2FDC524D}.Debug|Any CPU.Build.0 = Debug|Any CPU
		{0D7BB9E5-78E9-4291-886D-E41B2FDC524D}.Release|Any CPU.ActiveCfg = Release|Any CPU
		{0D7BB9E5-78E9-4291-886D-E41B2FDC524D}.Release|Any CPU.Build.0 = Release|Any CPU
		{7662BE87-E9C8-4F55-A5F2-084E171F5DD6}.Debug|Any CPU.ActiveCfg = Debug|Any CPU
		{7662BE87-E9C8-4F55-A5F2-084E171F5DD6}.Debug|Any CPU.Build.0 = Debug|Any CPU
		{7662BE87-E9C8-4F55-A5F2-084E171F5DD6}.Release|Any CPU.ActiveCfg = Release|Any CPU
		{7662BE87-E9C8-4F55-A5F2-084E171F5DD6}.Release|Any CPU.Build.0 = Release|Any CPU
		{0FE38138-A817-4F21-90CD-3636CD049529}.Debug|Any CPU.ActiveCfg = Debug|Any CPU
		{0FE38138-A817-4F21-90CD-3636CD049529}.Debug|Any CPU.Build.0 = Debug|Any CPU
		{0FE38138-A817-4F21-90CD-3636CD049529}.Release|Any CPU.ActiveCfg = Release|Any CPU
		{0FE38138-A817-4F21-90CD-3636CD049529}.Release|Any CPU.Build.0 = Release|Any CPU
		{787E7DAD-7C63-4D38-A0FA-D1D53C6AC554}.Debug|Any CPU.ActiveCfg = Debug|Any CPU
		{787E7DAD-7C63-4D38-A0FA-D1D53C6AC554}.Debug|Any CPU.Build.0 = Debug|Any CPU
		{787E7DAD-7C63-4D38-A0FA-D1D53C6AC554}.Release|Any CPU.ActiveCfg = Release|Any CPU
		{787E7DAD-7C63-4D38-A0FA-D1D53C6AC554}.Release|Any CPU.Build.0 = Release|Any CPU
		{F74A1A2D-D62F-412A-8349-20228F49FD77}.Debug|Any CPU.ActiveCfg = Debug|Any CPU
		{F74A1A2D-D62F-412A-8349-20228F49FD77}.Debug|Any CPU.Build.0 = Debug|Any CPU
		{F74A1A2D-D62F-412A-8349-20228F49FD77}.Release|Any CPU.ActiveCfg = Release|Any CPU
		{F74A1A2D-D62F-412A-8349-20228F49FD77}.Release|Any CPU.Build.0 = Release|Any CPU
		{472663FD-AC97-4545-A93D-347871AD4B14}.Debug|Any CPU.ActiveCfg = Debug|Any CPU
		{472663FD-AC97-4545-A93D-347871AD4B14}.Debug|Any CPU.Build.0 = Debug|Any CPU
		{472663FD-AC97-4545-A93D-347871AD4B14}.Release|Any CPU.ActiveCfg = Release|Any CPU
		{472663FD-AC97-4545-A93D-347871AD4B14}.Release|Any CPU.Build.0 = Release|Any CPU
		{106E14CD-EB94-4D5F-894E-1E8E653A286E}.Debug|Any CPU.ActiveCfg = Debug|Any CPU
		{106E14CD-EB94-4D5F-894E-1E8E653A286E}.Debug|Any CPU.Build.0 = Debug|Any CPU
		{106E14CD-EB94-4D5F-894E-1E8E653A286E}.Release|Any CPU.ActiveCfg = Release|Any CPU
		{106E14CD-EB94-4D5F-894E-1E8E653A286E}.Release|Any CPU.Build.0 = Release|Any CPU
	EndGlobalSection
	GlobalSection(SolutionProperties) = preSolution
		HideSolutionNode = FALSE
	EndGlobalSection
	GlobalSection(ExtensibilityGlobals) = postSolution
		SolutionGuid = {17C530BD-7396-4C0F-A15F-9832F0B0CF40}
	EndGlobalSection
EndGlobal
